
Microsoft Visual Studio Solution File, Format Version 12.00
# Visual Studio Version 17
VisualStudioVersion = 17.6.33829.357
MinimumVisualStudioVersion = 10.0.40219.1
Project("{9A19103F-16F7-4668-BE54-9A1E7A4F7556}") = "AspNetCoreAzureLogging", "AspNetCoreAzureLogging\AspNetCoreAzureLogging.csproj", "{91B54D7B-B7A6-4F2A-AD8B-D27F51C8E615}"
EndProject
Global
	GlobalSection(SolutionConfigurationPlatforms) = preSolution
		Debug|Any CPU = Debug|Any CPU
		Release|Any CPU = Release|Any CPU
	EndGlobalSection
	GlobalSection(ProjectConfigurationPlatforms) = postSolution
		{91B54D7B-B7A6-4F2A-AD8B-D27F51C8E615}.Debug|Any CPU.ActiveCfg = Debug|Any CPU
		{91B54D7B-B7A6-4F2A-AD8B-D27F51C8E615}.Debug|Any CPU.Build.0 = Debug|Any CPU
		{91B54D7B-B7A6-4F2A-AD8B-D27F51C8E615}.Release|Any CPU.ActiveCfg = Release|Any CPU
		{91B54D7B-B7A6-4F2A-AD8B-D27F51C8E615}.Release|Any CPU.Build.0 = Release|Any CPU
	EndGlobalSection
	GlobalSection(SolutionProperties) = preSolution
		HideSolutionNode = FALSE
	EndGlobalSection
	GlobalSection(ExtensibilityGlobals) = postSolution
		SolutionGuid = {8BA07F3D-2A97-474A-A348-9BBDAEA67B2B}
	EndGlobalSection
EndGlobal
